{
  "name": "alu-system_engineering-devops",
  "lockfileVersion": 2,
  "requires": true,
  "packages": {
    "": {
      "dependencies": {
        "ginx": "^0.0.5"
      }
    },
    "node_modules/ginx": {
      "version": "0.0.5",
      "resolved": "https://registry.npmjs.org/ginx/-/ginx-0.0.5.tgz",
      "integrity": "sha512-AYlxB6RKV7bvejtkut6zOhKjLIfV0P2TFI/lsys1LaIj0rZSTqKb4qaulv2Sr78CRRCmsUaSQ0uK0X0vnWay7w==",
      "dependencies": {
        "optimist": "0.3.x"
      },
      "bin": {
        "ginx": "bin/ginx.js"
      },
      "engines": {
        "node": ">0.10.x"
      }
    },
    "node_modules/optimist": {
      "version": "0.3.7",
      "resolved": "https://registry.npmjs.org/optimist/-/optimist-0.3.7.tgz",
      "integrity": "sha512-TCx0dXQzVtSCg2OgY/bO9hjM9cV4XYx09TVK+s3+FhkjT6LovsLe+pPMzpWf+6yXK/hUizs2gUoTw3jHM0VaTQ==",
      "dependencies": {
        "wordwrap": "~0.0.2"
      }
    },
    "node_modules/wordwrap": {
      "version": "0.0.3",
      "resolved": "https://registry.npmjs.org/wordwrap/-/wordwrap-0.0.3.tgz",
      "integrity": "sha512-1tMA907+V4QmxV7dbRvb4/8MaRALK6q9Abid3ndMYnbyo8piisCmeONVqVSXqQA3KaP4SLt5b7ud6E2sqP8TFw==",
      "engines": {
        "node": ">=0.4.0"
      }
    }
  },
  "dependencies": {
    "ginx": {
      "version": "0.0.5",
      "resolved": "https://registry.npmjs.org/ginx/-/ginx-0.0.5.tgz",
      "integrity": "sha512-AYlxB6RKV7bvejtkut6zOhKjLIfV0P2TFI/lsys1LaIj0rZSTqKb4qaulv2Sr78CRRCmsUaSQ0uK0X0vnWay7w==",
      "requires": {
        "optimist": "0.3.x"
      }
    },
    "optimist": {
      "version": "0.3.7",
      "resolved": "https://registry.npmjs.org/optimist/-/optimist-0.3.7.tgz",
      "integrity": "sha512-TCx0dXQzVtSCg2OgY/bO9hjM9cV4XYx09TVK+s3+FhkjT6LovsLe+pPMzpWf+6yXK/hUizs2gUoTw3jHM0VaTQ==",
      "requires": {
        "wordwrap": "~0.0.2"
      }
    },
    "wordwrap": {
      "version": "0.0.3",
      "resolved": "https://registry.npmjs.org/wordwrap/-/wordwrap-0.0.3.tgz",
      "integrity": "sha512-1tMA907+V4QmxV7dbRvb4/8MaRALK6q9Abid3ndMYnbyo8piisCmeONVqVSXqQA3KaP4SLt5b7ud6E2sqP8TFw=="
    }
  }
}
